
Microsoft Visual Studio Solution File, Format Version 12.00
# Visual Studio 15
VisualStudioVersion = 15.0.28307.168
MinimumVisualStudioVersion = 10.0.40219.1
Project("{9A19103F-16F7-4668-BE54-9A1E7A4F7556}") = "SadConsoleEditor", "Editor\SadConsoleEditor.csproj", "{831FB455-4DB5-4563-9B22-927AA11261A4}"
EndProject
Project("{9A19103F-16F7-4668-BE54-9A1E7A4F7556}") = "BasePlugin", "BasePlugin\BasePlugin.csproj", "{EDA2FF61-4601-4AE1-A0F7-86D578553F5A}"
EndProject
Global
	GlobalSection(SolutionConfigurationPlatforms) = preSolution
		Debug|Any CPU = Debug|Any CPU
		Release|Any CPU = Release|Any CPU
	EndGlobalSection
	GlobalSection(ProjectConfigurationPlatforms) = postSolution
		{831FB455-4DB5-4563-9B22-927AA11261A4}.Debug|Any CPU.ActiveCfg = Debug|Any CPU
		{831FB455-4DB5-4563-9B22-927AA11261A4}.Debug|Any CPU.Build.0 = Debug|Any CPU
		{831FB455-4DB5-4563-9B22-927AA11261A4}.Release|Any CPU.ActiveCfg = Release|Any CPU
		{831FB455-4DB5-4563-9B22-927AA11261A4}.Release|Any CPU.Build.0 = Release|Any CPU
		{EDA2FF61-4601-4AE1-A0F7-86D578553F5A}.Debug|Any CPU.ActiveCfg = Debug|Any CPU
		{EDA2FF61-4601-4AE1-A0F7-86D578553F5A}.Debug|Any CPU.Build.0 = Debug|Any CPU
		{EDA2FF61-4601-4AE1-A0F7-86D578553F5A}.Release|Any CPU.ActiveCfg = Release|Any CPU
		{EDA2FF61-4601-4AE1-A0F7-86D578553F5A}.Release|Any CPU.Build.0 = Release|Any CPU
	EndGlobalSection
	GlobalSection(SolutionProperties) = preSolution
		HideSolutionNode = FALSE
	EndGlobalSection
	GlobalSection(ExtensibilityGlobals) = postSolution
		SolutionGuid = {76595534-D136-4AE8-8A18-B8187DDB178C}
	EndGlobalSection
EndGlobal
